<?xml version="1.0" encoding="utf-8"?>
<Project ToolsVersion="4.0" xmlns="http://schemas.microsoft.com/developer/msbuild/2003">
  <ItemGroup>
    <Filter Include="Source Files">
      <UniqueIdentifier>{4FC737F1-C7A5-4376-A066-2A32D752A2FF}</UniqueIdentifier>
      <Extensions>cpp;c;cc;cxx;def;odl;idl;hpj;bat;asm;asmx</Extensions>
    </Filter>
    <Filter Include="Header Files">
      <UniqueIdentifier>{93995380-89BD-4b04-88EB-625FBE52EBFB}</UniqueIdentifier>
      <Extensions>h;hh;hpp;hxx;hm;inl;inc;ipp;xsd</Extensions>
    </Filter>
    <Filter Include="Resource Files">
      <UniqueIdentifier>{67DA6AB6-F800-4c08-8B7A-83BB121AAD01}</UniqueIdentifier>
      <Extensions>rc;ico;cur;bmp;dlg;rc2;rct;bin;rgs;gif;jpg;jpeg;jpe;resx;tiff;tif;png;wav;mfcribbon-ms</Extensions>
    </Filter>
  </ItemGroup>
  <ItemGroup>
    <ClCompile Include="Source.cpp">
      <Filter>Source Files</Filter>
    </ClCompile>
    <ClCompile Include="apartment.cpp">
      <Filter>Source Files</Filter>
    </ClCompile>
    <ClCompile Include="wierdapartment.cpp">
      <Filter>Source Files</Filter>
    </ClCompile>
  </ItemGroup>
  <ItemGroup>
    <Text Include="pro1.txt">
      <Filter>Source Files</Filter>
    </Text>
    <Text Include="pro2.txt">
      <Filter>Source Files</Filter>
    </Text>
    <Text Include="harr.txt">
      <Filter>Source Files</Filter>
    </Text>
    <Text Include="pro3.txt">
      <Filter>Source Files</Filter>
    </Text>
    <Text Include="body.txt">
      <Filter>Source Files</Filter>
    </Text>
    <Text Include="table.txt">
      <Filter>Source Files</Filter>
    </Text>
    <Text Include="notes.txt">
      <Filter>Source Files</Filter>
    </Text>
    <Text Include="pro4.txt">
      <Filter>Source Files</Filter>
    </Text>
    <Text Include="pro5.txt">
      <Filter>Source Files</Filter>
    </Text>
    <Text Include="houseBegin.txt">
      <Filter>Source Files</Filter>
    </Text>
    <Text Include="houseStudyBookshelf.txt">
      <Filter>Source Files</Filter>
    </Text>
    <Text Include="HouseStudyBookshelfBook.txt">
      <Filter>Source Files</Filter>
    </Text>
    <Text Include="houseStudyDesk.txt">
      <Filter>Source Files</Filter>
    </Text>
    <Text Include="houseStudy.txt">
      <Filter>Source Files</Filter>
    </Text>
    <Text Include="houseKitchen.txt">
      <Filter>Source Files</Filter>
    </Text>
    <Text Include="houseKitchenMail.txt">
      <Filter>Source Files</Filter>
    </Text>
    <Text Include="houseKitchenTrash.txt">
      <Filter>Source Files</Filter>
    </Text>
    <Text Include="houseVictimBedroom.txt">
      <Filter>Source Files</Filter>
    </Text>
    <Text Include="houseVictimsBedroomBox.txt">
      <Filter>Source Files</Filter>
    </Text>
    <Text Include="houseVictimsBedroomNightstand.txt">
      <Filter>Source Files</Filter>
    </Text>
    <Text Include="houseBrothersBedroom.txt">
      <Filter>Source Files</Filter>
    </Text>
    <Text Include="houseBrothersBedroomBoxes.txt">
      <Filter>Source Files</Filter>
    </Text>
    <Text Include="apbed.txt">
      <Filter>Source Files</Filter>
    </Text>
    <Text Include="apcouch.txt">
      <Filter>Source Files</Filter>
    </Text>
    <Text Include="apdvd.txt">
      <Filter>Source Files</Filter>
    </Text>
    <Text Include="aprt.txt">
      <Filter>Source Files</Filter>
    </Text>
    <Text Include="aptable.txt">
      <Filter>Source Files</Filter>
    </Text>
    <Text Include="aptgame.txt">
      <Filter>Source Files</Filter>
    </Text>
    <Text Include="aptsmalldoor.txt">
      <Filter>Source Files</Filter>
    </Text>
  </ItemGroup>
  <ItemGroup>
    <ClInclude Include="gameheader.h">
      <Filter>Source Files</Filter>
    </ClInclude>
  </ItemGroup>
</Project>